
Microsoft Visual Studio Solution File, Format Version 12.00
# Visual Studio Version 17
VisualStudioVersion = 17.8.34316.72
MinimumVisualStudioVersion = 10.0.40219.1
Project("{FAE04EC0-301F-11D3-BF4B-00C04F79EFBC}") = "POC_BackgroundProcess", "POC_BackgroundProcess\POC_BackgroundProcess.csproj", "{DBB5685A-B181-4167-B75D-0F3A8FAAF54E}"
EndProject
Project("{FAE04EC0-301F-11D3-BF4B-00C04F79EFBC}") = "BackgroundProcessUI", "BackgroundProcessUI\BackgroundProcessUI.csproj", "{9E050568-DFE9-4D83-8071-A8691DBF4488}"
EndProject
Global
	GlobalSection(SolutionConfigurationPlatforms) = preSolution
		Debug|Any CPU = Debug|Any CPU
		Release|Any CPU = Release|Any CPU
	EndGlobalSection
	GlobalSection(ProjectConfigurationPlatforms) = postSolution
		{DBB5685A-B181-4167-B75D-0F3A8FAAF54E}.Debug|Any CPU.ActiveCfg = Debug|Any CPU
		{DBB5685A-B181-4167-B75D-0F3A8FAAF54E}.Debug|Any CPU.Build.0 = Debug|Any CPU
		{DBB5685A-B181-4167-B75D-0F3A8FAAF54E}.Release|Any CPU.ActiveCfg = Release|Any CPU
		{DBB5685A-B181-4167-B75D-0F3A8FAAF54E}.Release|Any CPU.Build.0 = Release|Any CPU
		{9E050568-DFE9-4D83-8071-A8691DBF4488}.Debug|Any CPU.ActiveCfg = Debug|Any CPU
		{9E050568-DFE9-4D83-8071-A8691DBF4488}.Debug|Any CPU.Build.0 = Debug|Any CPU
		{9E050568-DFE9-4D83-8071-A8691DBF4488}.Release|Any CPU.ActiveCfg = Release|Any CPU
		{9E050568-DFE9-4D83-8071-A8691DBF4488}.Release|Any CPU.Build.0 = Release|Any CPU
	EndGlobalSection
	GlobalSection(SolutionProperties) = preSolution
		HideSolutionNode = FALSE
	EndGlobalSection
	GlobalSection(ExtensibilityGlobals) = postSolution
		SolutionGuid = {9E0F0109-0401-4F1F-BBCB-65C0E385442D}
	EndGlobalSection
EndGlobal
